
Microsoft Visual Studio Solution File, Format Version 12.00
# Visual Studio Version 16
VisualStudioVersion = 16.0.31205.134
MinimumVisualStudioVersion = 10.0.40219.1
Project("{8BC9CEB8-8B4A-11D0-8D11-00A0C91BC942}") = "ControlTask2.1", "ConrolTask2\ConrolTask2.vcxproj", "{E5DA2FFB-572A-422C-A91D-0C5E4F907DE5}"
EndProject
Project("{8BC9CEB8-8B4A-11D0-8D11-00A0C91BC942}") = "ControlTask2.2", "ControlTask2.2\ControlTask2.2.vcxproj", "{EF8C2BCE-7EE9-49D4-8E3B-BD08953438A2}"
EndProject
Project("{8BC9CEB8-8B4A-11D0-8D11-00A0C91BC942}") = "ControlTask2.3", "ControlTask2.3\ControlTask2.3.vcxproj", "{BCD39AD2-B138-4215-B20D-18958555A495}"
EndProject
Project("{8BC9CEB8-8B4A-11D0-8D11-00A0C91BC942}") = "ControlTask2.4", "ControlTask2.4\ControlTask2.4.vcxproj", "{F28B4F3A-23A7-4490-A92C-679BB16357E5}"
EndProject
Project("{8BC9CEB8-8B4A-11D0-8D11-00A0C91BC942}") = "ControlTask3.1", "ControlTask3.1\ControlTask3.1.vcxproj", "{5D26E6FE-D095-4053-8745-39626C5E114F}"
EndProject
Project("{8BC9CEB8-8B4A-11D0-8D11-00A0C91BC942}") = "ControlTask3.2", "ControlTask3.2\ControlTask3.2.vcxproj", "{6A0CB2E8-9305-4E76-B34D-AC4D7EDD8E31}"
EndProject
Project("{8BC9CEB8-8B4A-11D0-8D11-00A0C91BC942}") = "ControlTask3.3", "ControlTask3.3\ControlTask3.3.vcxproj", "{E9057404-CC54-40A1-8A46-30AD91B9111B}"
EndProject
Project("{8BC9CEB8-8B4A-11D0-8D11-00A0C91BC942}") = "ControlTask3.4", "ControlTask3.4\ControlTask3.4.vcxproj", "{F09A9B5F-5E70-440E-A7E2-5E11A20BC95B}"
EndProject
Project("{8BC9CEB8-8B4A-11D0-8D11-00A0C91BC942}") = "ControlTask3.5", "ControlTask3.5\ControlTask3.5.vcxproj", "{8F63CD52-41A9-4F06-8B19-1C2ED27E6F6F}"
EndProject
Project("{8BC9CEB8-8B4A-11D0-8D11-00A0C91BC942}") = "ControlTask4.1", "ControlTask4.1\ControlTask4.1.vcxproj", "{CE7ACC25-4230-42AF-8CC9-A434F617ABE2}"
EndProject
Project("{8BC9CEB8-8B4A-11D0-8D11-00A0C91BC942}") = "ControlTask4.2", "ControlTask4.2\ControlTask4.2.vcxproj", "{35F0C686-C771-4F9D-814C-F8B43C34CFC7}"
EndProject
Project("{8BC9CEB8-8B4A-11D0-8D11-00A0C91BC942}") = "ControlTask5.1", "ControlTask5.1\ControlTask5.1.vcxproj", "{DB62073D-CC7C-4A4B-BB81-DFAF12A6D2F8}"
EndProject
Project("{8BC9CEB8-8B4A-11D0-8D11-00A0C91BC942}") = "ControlTask5.2", "ControlTask5.2\ControlTask5.2.vcxproj", "{B878A499-D9D4-48C8-B558-6766D6D5A740}"
EndProject
Project("{8BC9CEB8-8B4A-11D0-8D11-00A0C91BC942}") = "ControlTask6.1", "CinsoleTask6.1\CinsoleTask6.1.vcxproj", "{A3026834-D37C-4EF4-AE51-38047DD26461}"
EndProject
Project("{8BC9CEB8-8B4A-11D0-8D11-00A0C91BC942}") = "ControlTask6.2", "ControlTask6.2\ControlTask6.2.vcxproj", "{F42FC34E-06F2-488C-A299-334D586FF9DF}"
EndProject
Project("{8BC9CEB8-8B4A-11D0-8D11-00A0C91BC942}") = "ControlTask7.1", "ControlTask7.1\ControlTask7.1.vcxproj", "{A22C2173-764B-45A4-A7DE-F8A2F82F3AA4}"
EndProject
Project("{8BC9CEB8-8B4A-11D0-8D11-00A0C91BC942}") = "ControlTask7.2", "ControlTask7.2\ControlTask7.2.vcxproj", "{96E0BA5E-0B10-4540-BC92-6E0EDD579443}"
EndProject
Project("{8BC9CEB8-8B4A-11D0-8D11-00A0C91BC942}") = "ControlTask8.1", "ControlTask8.1\ControlTask8.1.vcxproj", "{42E01017-CF32-4F3E-892A-550A68B5BD45}"
EndProject
Project("{8BC9CEB8-8B4A-11D0-8D11-00A0C91BC942}") = "ControlTask9.1", "ControlTask9.1\ControlTask9.1.vcxproj", "{9599ADA7-82B0-4B49-8DA2-6E455C6E3F4E}"
EndProject
Project("{8BC9CEB8-8B4A-11D0-8D11-00A0C91BC942}") = "ControlTask9.2", "ControlTask9.2\ControlTask9.2.vcxproj", "{A7486BAA-3462-48DA-B69E-DCEF6B6A7CE9}"
EndProject
Project("{8BC9CEB8-8B4A-11D0-8D11-00A0C91BC942}") = "ControlTask10.1", "ControlTask10.1\ControlTask10.1.vcxproj", "{276348B5-5BB3-4B01-8AFC-4EAC5F8B0F76}"
EndProject
Project("{8BC9CEB8-8B4A-11D0-8D11-00A0C91BC942}") = "AllTasks11", "AllTasks11\AllTasks11.vcxproj", "{00056033-35E9-4AE7-8F59-241CB949C542}"
EndProject
Project("{8BC9CEB8-8B4A-11D0-8D11-00A0C91BC942}") = "AllTasks12", "AllTasks12\AllTasks12.vcxproj", "{338E11DA-9F3A-4592-8804-5F08B517DA9A}"
EndProject
Project("{8BC9CEB8-8B4A-11D0-8D11-00A0C91BC942}") = "AllTasks13", "AllTasks13\AllTasks13.vcxproj", "{F906B5E9-053E-4BE0-81BF-3053C7EF252E}"
EndProject
Project("{8BC9CEB8-8B4A-11D0-8D11-00A0C91BC942}") = "AllTask14", "AllTask14\AllTask14.vcxproj", "{8D7582CA-0129-4849-940C-5C698B9AA014}"
EndProject
Project("{8BC9CEB8-8B4A-11D0-8D11-00A0C91BC942}") = "Task15.1", "AllTask15\AllTask15.vcxproj", "{8D702310-E444-4D52-AAD5-A6C903A81FAB}"
EndProject
Project("{8BC9CEB8-8B4A-11D0-8D11-00A0C91BC942}") = "Task15.2", "Task15.2\Task15.2.vcxproj", "{E7E8048D-1295-4F75-8B37-9D527868DD77}"
EndProject
Project("{8BC9CEB8-8B4A-11D0-8D11-00A0C91BC942}") = "ControlTask1.1", "ControlTask1.1\ControlTask1.1.vcxproj", "{AC91B572-140D-4989-91A1-EDE5249F9BA5}"
EndProject
Global
	GlobalSection(SolutionConfigurationPlatforms) = preSolution
		Debug|x64 = Debug|x64
		Debug|x86 = Debug|x86
		Release|x64 = Release|x64
		Release|x86 = Release|x86
	EndGlobalSection
	GlobalSection(ProjectConfigurationPlatforms) = postSolution
		{E5DA2FFB-572A-422C-A91D-0C5E4F907DE5}.Debug|x64.ActiveCfg = Debug|x64
		{E5DA2FFB-572A-422C-A91D-0C5E4F907DE5}.Debug|x64.Build.0 = Debug|x64
		{E5DA2FFB-572A-422C-A91D-0C5E4F907DE5}.Debug|x86.ActiveCfg = Debug|Win32
		{E5DA2FFB-572A-422C-A91D-0C5E4F907DE5}.Debug|x86.Build.0 = Debug|Win32
		{E5DA2FFB-572A-422C-A91D-0C5E4F907DE5}.Release|x64.ActiveCfg = Release|x64
		{E5DA2FFB-572A-422C-A91D-0C5E4F907DE5}.Release|x64.Build.0 = Release|x64
		{E5DA2FFB-572A-422C-A91D-0C5E4F907DE5}.Release|x86.ActiveCfg = Release|Win32
		{E5DA2FFB-572A-422C-A91D-0C5E4F907DE5}.Release|x86.Build.0 = Release|Win32
		{EF8C2BCE-7EE9-49D4-8E3B-BD08953438A2}.Debug|x64.ActiveCfg = Debug|x64
		{EF8C2BCE-7EE9-49D4-8E3B-BD08953438A2}.Debug|x64.Build.0 = Debug|x64
		{EF8C2BCE-7EE9-49D4-8E3B-BD08953438A2}.Debug|x86.ActiveCfg = Debug|Win32
		{EF8C2BCE-7EE9-49D4-8E3B-BD08953438A2}.Debug|x86.Build.0 = Debug|Win32
		{EF8C2BCE-7EE9-49D4-8E3B-BD08953438A2}.Release|x64.ActiveCfg = Release|x64
		{EF8C2BCE-7EE9-49D4-8E3B-BD08953438A2}.Release|x64.Build.0 = Release|x64
		{EF8C2BCE-7EE9-49D4-8E3B-BD08953438A2}.Release|x86.ActiveCfg = Release|Win32
		{EF8C2BCE-7EE9-49D4-8E3B-BD08953438A2}.Release|x86.Build.0 = Release|Win32
		{BCD39AD2-B138-4215-B20D-18958555A495}.Debug|x64.ActiveCfg = Debug|x64
		{BCD39AD2-B138-4215-B20D-18958555A495}.Debug|x64.Build.0 = Debug|x64
		{BCD39AD2-B138-4215-B20D-18958555A495}.Debug|x86.ActiveCfg = Debug|Win32
		{BCD39AD2-B138-4215-B20D-18958555A495}.Debug|x86.Build.0 = Debug|Win32
		{BCD39AD2-B138-4215-B20D-18958555A495}.Release|x64.ActiveCfg = Release|x64
		{BCD39AD2-B138-4215-B20D-18958555A495}.Release|x64.Build.0 = Release|x64
		{BCD39AD2-B138-4215-B20D-18958555A495}.Release|x86.ActiveCfg = Release|Win32
		{BCD39AD2-B138-4215-B20D-18958555A495}.Release|x86.Build.0 = Release|Win32
		{F28B4F3A-23A7-4490-A92C-679BB16357E5}.Debug|x64.ActiveCfg = Debug|x64
		{F28B4F3A-23A7-4490-A92C-679BB16357E5}.Debug|x64.Build.0 = Debug|x64
		{F28B4F3A-23A7-4490-A92C-679BB16357E5}.Debug|x86.ActiveCfg = Debug|Win32
		{F28B4F3A-23A7-4490-A92C-679BB16357E5}.Debug|x86.Build.0 = Debug|Win32
		{F28B4F3A-23A7-4490-A92C-679BB16357E5}.Release|x64.ActiveCfg = Release|x64
		{F28B4F3A-23A7-4490-A92C-679BB16357E5}.Release|x64.Build.0 = Release|x64
		{F28B4F3A-23A7-4490-A92C-679BB16357E5}.Release|x86.ActiveCfg = Release|Win32
		{F28B4F3A-23A7-4490-A92C-679BB16357E5}.Release|x86.Build.0 = Release|Win32
		{5D26E6FE-D095-4053-8745-39626C5E114F}.Debug|x64.ActiveCfg = Debug|x64
		{5D26E6FE-D095-4053-8745-39626C5E114F}.Debug|x64.Build.0 = Debug|x64
		{5D26E6FE-D095-4053-8745-39626C5E114F}.Debug|x86.ActiveCfg = Debug|Win32
		{5D26E6FE-D095-4053-8745-39626C5E114F}.Debug|x86.Build.0 = Debug|Win32
		{5D26E6FE-D095-4053-8745-39626C5E114F}.Release|x64.ActiveCfg = Release|x64
		{5D26E6FE-D095-4053-8745-39626C5E114F}.Release|x64.Build.0 = Release|x64
		{5D26E6FE-D095-4053-8745-39626C5E114F}.Release|x86.ActiveCfg = Release|Win32
		{5D26E6FE-D095-4053-8745-39626C5E114F}.Release|x86.Build.0 = Release|Win32
		{6A0CB2E8-9305-4E76-B34D-AC4D7EDD8E31}.Debug|x64.ActiveCfg = Debug|x64
		{6A0CB2E8-9305-4E76-B34D-AC4D7EDD8E31}.Debug|x64.Build.0 = Debug|x64
		{6A0CB2E8-9305-4E76-B34D-AC4D7EDD8E31}.Debug|x86.ActiveCfg = Debug|Win32
		{6A0CB2E8-9305-4E76-B34D-AC4D7EDD8E31}.Debug|x86.Build.0 = Debug|Win32
		{6A0CB2E8-9305-4E76-B34D-AC4D7EDD8E31}.Release|x64.ActiveCfg = Release|x64
		{6A0CB2E8-9305-4E76-B34D-AC4D7EDD8E31}.Release|x64.Build.0 = Release|x64
		{6A0CB2E8-9305-4E76-B34D-AC4D7EDD8E31}.Release|x86.ActiveCfg = Release|Win32
		{6A0CB2E8-9305-4E76-B34D-AC4D7EDD8E31}.Release|x86.Build.0 = Release|Win32
		{E9057404-CC54-40A1-8A46-30AD91B9111B}.Debug|x64.ActiveCfg = Debug|x64
		{E9057404-CC54-40A1-8A46-30AD91B9111B}.Debug|x64.Build.0 = Debug|x64
		{E9057404-CC54-40A1-8A46-30AD91B9111B}.Debug|x86.ActiveCfg = Debug|Win32
		{E9057404-CC54-40A1-8A46-30AD91B9111B}.Debug|x86.Build.0 = Debug|Win32
		{E9057404-CC54-40A1-8A46-30AD91B9111B}.Release|x64.ActiveCfg = Release|x64
		{E9057404-CC54-40A1-8A46-30AD91B9111B}.Release|x64.Build.0 = Release|x64
		{E9057404-CC54-40A1-8A46-30AD91B9111B}.Release|x86.ActiveCfg = Release|Win32
		{E9057404-CC54-40A1-8A46-30AD91B9111B}.Release|x86.Build.0 = Release|Win32
		{F09A9B5F-5E70-440E-A7E2-5E11A20BC95B}.Debug|x64.ActiveCfg = Debug|x64
		{F09A9B5F-5E70-440E-A7E2-5E11A20BC95B}.Debug|x64.Build.0 = Debug|x64
		{F09A9B5F-5E70-440E-A7E2-5E11A20BC95B}.Debug|x86.ActiveCfg = Debug|Win32
		{F09A9B5F-5E70-440E-A7E2-5E11A20BC95B}.Debug|x86.Build.0 = Debug|Win32
		{F09A9B5F-5E70-440E-A7E2-5E11A20BC95B}.Release|x64.ActiveCfg = Release|x64
		{F09A9B5F-5E70-440E-A7E2-5E11A20BC95B}.Release|x64.Build.0 = Release|x64
		{F09A9B5F-5E70-440E-A7E2-5E11A20BC95B}.Release|x86.ActiveCfg = Release|Win32
		{F09A9B5F-5E70-440E-A7E2-5E11A20BC95B}.Release|x86.Build.0 = Release|Win32
		{8F63CD52-41A9-4F06-8B19-1C2ED27E6F6F}.Debug|x64.ActiveCfg = Debug|x64
		{8F63CD52-41A9-4F06-8B19-1C2ED27E6F6F}.Debug|x64.Build.0 = Debug|x64
		{8F63CD52-41A9-4F06-8B19-1C2ED27E6F6F}.Debug|x86.ActiveCfg = Debug|Win32
		{8F63CD52-41A9-4F06-8B19-1C2ED27E6F6F}.Debug|x86.Build.0 = Debug|Win32
		{8F63CD52-41A9-4F06-8B19-1C2ED27E6F6F}.Release|x64.ActiveCfg = Release|x64
		{8F63CD52-41A9-4F06-8B19-1C2ED27E6F6F}.Release|x64.Build.0 = Release|x64
		{8F63CD52-41A9-4F06-8B19-1C2ED27E6F6F}.Release|x86.ActiveCfg = Release|Win32
		{8F63CD52-41A9-4F06-8B19-1C2ED27E6F6F}.Release|x86.Build.0 = Release|Win32
		{CE7ACC25-4230-42AF-8CC9-A434F617ABE2}.Debug|x64.ActiveCfg = Debug|x64
		{CE7ACC25-4230-42AF-8CC9-A434F617ABE2}.Debug|x64.Build.0 = Debug|x64
		{CE7ACC25-4230-42AF-8CC9-A434F617ABE2}.Debug|x86.ActiveCfg = Debug|Win32
		{CE7ACC25-4230-42AF-8CC9-A434F617ABE2}.Debug|x86.Build.0 = Debug|Win32
		{CE7ACC25-4230-42AF-8CC9-A434F617ABE2}.Release|x64.ActiveCfg = Release|x64
		{CE7ACC25-4230-42AF-8CC9-A434F617ABE2}.Release|x64.Build.0 = Release|x64
		{CE7ACC25-4230-42AF-8CC9-A434F617ABE2}.Release|x86.ActiveCfg = Release|Win32
		{CE7ACC25-4230-42AF-8CC9-A434F617ABE2}.Release|x86.Build.0 = Release|Win32
		{35F0C686-C771-4F9D-814C-F8B43C34CFC7}.Debug|x64.ActiveCfg = Debug|x64
		{35F0C686-C771-4F9D-814C-F8B43C34CFC7}.Debug|x64.Build.0 = Debug|x64
		{35F0C686-C771-4F9D-814C-F8B43C34CFC7}.Debug|x86.ActiveCfg = Debug|Win32
		{35F0C686-C771-4F9D-814C-F8B43C34CFC7}.Debug|x86.Build.0 = Debug|Win32
		{35F0C686-C771-4F9D-814C-F8B43C34CFC7}.Release|x64.ActiveCfg = Release|x64
		{35F0C686-C771-4F9D-814C-F8B43C34CFC7}.Release|x64.Build.0 = Release|x64
		{35F0C686-C771-4F9D-814C-F8B43C34CFC7}.Release|x86.ActiveCfg = Release|Win32
		{35F0C686-C771-4F9D-814C-F8B43C34CFC7}.Release|x86.Build.0 = Release|Win32
		{DB62073D-CC7C-4A4B-BB81-DFAF12A6D2F8}.Debug|x64.ActiveCfg = Debug|x64
		{DB62073D-CC7C-4A4B-BB81-DFAF12A6D2F8}.Debug|x64.Build.0 = Debug|x64
		{DB62073D-CC7C-4A4B-BB81-DFAF12A6D2F8}.Debug|x86.ActiveCfg = Debug|Win32
		{DB62073D-CC7C-4A4B-BB81-DFAF12A6D2F8}.Debug|x86.Build.0 = Debug|Win32
		{DB62073D-CC7C-4A4B-BB81-DFAF12A6D2F8}.Release|x64.ActiveCfg = Release|x64
		{DB62073D-CC7C-4A4B-BB81-DFAF12A6D2F8}.Release|x64.Build.0 = Release|x64
		{DB62073D-CC7C-4A4B-BB81-DFAF12A6D2F8}.Release|x86.ActiveCfg = Release|Win32
		{DB62073D-CC7C-4A4B-BB81-DFAF12A6D2F8}.Release|x86.Build.0 = Release|Win32
		{B878A499-D9D4-48C8-B558-6766D6D5A740}.Debug|x64.ActiveCfg = Debug|x64
		{B878A499-D9D4-48C8-B558-6766D6D5A740}.Debug|x64.Build.0 = Debug|x64
		{B878A499-D9D4-48C8-B558-6766D6D5A740}.Debug|x86.ActiveCfg = Debug|Win32
		{B878A499-D9D4-48C8-B558-6766D6D5A740}.Debug|x86.Build.0 = Debug|Win32
		{B878A499-D9D4-48C8-B558-6766D6D5A740}.Release|x64.ActiveCfg = Release|x64
		{B878A499-D9D4-48C8-B558-6766D6D5A740}.Release|x64.Build.0 = Release|x64
		{B878A499-D9D4-48C8-B558-6766D6D5A740}.Release|x86.ActiveCfg = Release|Win32
		{B878A499-D9D4-48C8-B558-6766D6D5A740}.Release|x86.Build.0 = Release|Win32
		{A3026834-D37C-4EF4-AE51-38047DD26461}.Debug|x64.ActiveCfg = Debug|x64
		{A3026834-D37C-4EF4-AE51-38047DD26461}.Debug|x64.Build.0 = Debug|x64
		{A3026834-D37C-4EF4-AE51-38047DD26461}.Debug|x86.ActiveCfg = Debug|Win32
		{A3026834-D37C-4EF4-AE51-38047DD26461}.Debug|x86.Build.0 = Debug|Win32
		{A3026834-D37C-4EF4-AE51-38047DD26461}.Release|x64.ActiveCfg = Release|x64
		{A3026834-D37C-4EF4-AE51-38047DD26461}.Release|x64.Build.0 = Release|x64
		{A3026834-D37C-4EF4-AE51-38047DD26461}.Release|x86.ActiveCfg = Release|Win32
		{A3026834-D37C-4EF4-AE51-38047DD26461}.Release|x86.Build.0 = Release|Win32
		{F42FC34E-06F2-488C-A299-334D586FF9DF}.Debug|x64.ActiveCfg = Debug|x64
		{F42FC34E-06F2-488C-A299-334D586FF9DF}.Debug|x64.Build.0 = Debug|x64
		{F42FC34E-06F2-488C-A299-334D586FF9DF}.Debug|x86.ActiveCfg = Debug|Win32
		{F42FC34E-06F2-488C-A299-334D586FF9DF}.Debug|x86.Build.0 = Debug|Win32
		{F42FC34E-06F2-488C-A299-334D586FF9DF}.Release|x64.ActiveCfg = Release|x64
		{F42FC34E-06F2-488C-A299-334D586FF9DF}.Release|x64.Build.0 = Release|x64
		{F42FC34E-06F2-488C-A299-334D586FF9DF}.Release|x86.ActiveCfg = Release|Win32
		{F42FC34E-06F2-488C-A299-334D586FF9DF}.Release|x86.Build.0 = Release|Win32
		{A22C2173-764B-45A4-A7DE-F8A2F82F3AA4}.Debug|x64.ActiveCfg = Debug|x64
		{A22C2173-764B-45A4-A7DE-F8A2F82F3AA4}.Debug|x64.Build.0 = Debug|x64
		{A22C2173-764B-45A4-A7DE-F8A2F82F3AA4}.Debug|x86.ActiveCfg = Debug|Win32
		{A22C2173-764B-45A4-A7DE-F8A2F82F3AA4}.Debug|x86.Build.0 = Debug|Win32
		{A22C2173-764B-45A4-A7DE-F8A2F82F3AA4}.Release|x64.ActiveCfg = Release|x64
		{A22C2173-764B-45A4-A7DE-F8A2F82F3AA4}.Release|x64.Build.0 = Release|x64
		{A22C2173-764B-45A4-A7DE-F8A2F82F3AA4}.Release|x86.ActiveCfg = Release|Win32
		{A22C2173-764B-45A4-A7DE-F8A2F82F3AA4}.Release|x86.Build.0 = Release|Win32
		{96E0BA5E-0B10-4540-BC92-6E0EDD579443}.Debug|x64.ActiveCfg = Debug|x64
		{96E0BA5E-0B10-4540-BC92-6E0EDD579443}.Debug|x64.Build.0 = Debug|x64
		{96E0BA5E-0B10-4540-BC92-6E0EDD579443}.Debug|x86.ActiveCfg = Debug|Win32
		{96E0BA5E-0B10-4540-BC92-6E0EDD579443}.Debug|x86.Build.0 = Debug|Win32
		{96E0BA5E-0B10-4540-BC92-6E0EDD579443}.Release|x64.ActiveCfg = Release|x64
		{96E0BA5E-0B10-4540-BC92-6E0EDD579443}.Release|x64.Build.0 = Release|x64
		{96E0BA5E-0B10-4540-BC92-6E0EDD579443}.Release|x86.ActiveCfg = Release|Win32
		{96E0BA5E-0B10-4540-BC92-6E0EDD579443}.Release|x86.Build.0 = Release|Win32
		{42E01017-CF32-4F3E-892A-550A68B5BD45}.Debug|x64.ActiveCfg = Debug|x64
		{42E01017-CF32-4F3E-892A-550A68B5BD45}.Debug|x64.Build.0 = Debug|x64
		{42E01017-CF32-4F3E-892A-550A68B5BD45}.Debug|x86.ActiveCfg = Debug|Win32
		{42E01017-CF32-4F3E-892A-550A68B5BD45}.Debug|x86.Build.0 = Debug|Win32
		{42E01017-CF32-4F3E-892A-550A68B5BD45}.Release|x64.ActiveCfg = Release|x64
		{42E01017-CF32-4F3E-892A-550A68B5BD45}.Release|x64.Build.0 = Release|x64
		{42E01017-CF32-4F3E-892A-550A68B5BD45}.Release|x86.ActiveCfg = Release|Win32
		{42E01017-CF32-4F3E-892A-550A68B5BD45}.Release|x86.Build.0 = Release|Win32
		{9599ADA7-82B0-4B49-8DA2-6E455C6E3F4E}.Debug|x64.ActiveCfg = Debug|x64
		{9599ADA7-82B0-4B49-8DA2-6E455C6E3F4E}.Debug|x64.Build.0 = Debug|x64
		{9599ADA7-82B0-4B49-8DA2-6E455C6E3F4E}.Debug|x86.ActiveCfg = Debug|Win32
		{9599ADA7-82B0-4B49-8DA2-6E455C6E3F4E}.Debug|x86.Build.0 = Debug|Win32
		{9599ADA7-82B0-4B49-8DA2-6E455C6E3F4E}.Release|x64.ActiveCfg = Release|x64
		{9599ADA7-82B0-4B49-8DA2-6E455C6E3F4E}.Release|x64.Build.0 = Release|x64
		{9599ADA7-82B0-4B49-8DA2-6E455C6E3F4E}.Release|x86.ActiveCfg = Release|Win32
		{9599ADA7-82B0-4B49-8DA2-6E455C6E3F4E}.Release|x86.Build.0 = Release|Win32
		{A7486BAA-3462-48DA-B69E-DCEF6B6A7CE9}.Debug|x64.ActiveCfg = Debug|x64
		{A7486BAA-3462-48DA-B69E-DCEF6B6A7CE9}.Debug|x64.Build.0 = Debug|x64
		{A7486BAA-3462-48DA-B69E-DCEF6B6A7CE9}.Debug|x86.ActiveCfg = Debug|Win32
		{A7486BAA-3462-48DA-B69E-DCEF6B6A7CE9}.Debug|x86.Build.0 = Debug|Win32
		{A7486BAA-3462-48DA-B69E-DCEF6B6A7CE9}.Release|x64.ActiveCfg = Release|x64
		{A7486BAA-3462-48DA-B69E-DCEF6B6A7CE9}.Release|x64.Build.0 = Release|x64
		{A7486BAA-3462-48DA-B69E-DCEF6B6A7CE9}.Release|x86.ActiveCfg = Release|Win32
		{A7486BAA-3462-48DA-B69E-DCEF6B6A7CE9}.Release|x86.Build.0 = Release|Win32
		{276348B5-5BB3-4B01-8AFC-4EAC5F8B0F76}.Debug|x64.ActiveCfg = Debug|x64
		{276348B5-5BB3-4B01-8AFC-4EAC5F8B0F76}.Debug|x64.Build.0 = Debug|x64
		{276348B5-5BB3-4B01-8AFC-4EAC5F8B0F76}.Debug|x86.ActiveCfg = Debug|Win32
		{276348B5-5BB3-4B01-8AFC-4EAC5F8B0F76}.Debug|x86.Build.0 = Debug|Win32
		{276348B5-5BB3-4B01-8AFC-4EAC5F8B0F76}.Release|x64.ActiveCfg = Release|x64
		{276348B5-5BB3-4B01-8AFC-4EAC5F8B0F76}.Release|x64.Build.0 = Release|x64
		{276348B5-5BB3-4B01-8AFC-4EAC5F8B0F76}.Release|x86.ActiveCfg = Release|Win32
		{276348B5-5BB3-4B01-8AFC-4EAC5F8B0F76}.Release|x86.Build.0 = Release|Win32
		{00056033-35E9-4AE7-8F59-241CB949C542}.Debug|x64.ActiveCfg = Debug|x64
		{00056033-35E9-4AE7-8F59-241CB949C542}.Debug|x64.Build.0 = Debug|x64
		{00056033-35E9-4AE7-8F59-241CB949C542}.Debug|x86.ActiveCfg = Debug|Win32
		{00056033-35E9-4AE7-8F59-241CB949C542}.Debug|x86.Build.0 = Debug|Win32
		{00056033-35E9-4AE7-8F59-241CB949C542}.Release|x64.ActiveCfg = Release|x64
		{00056033-35E9-4AE7-8F59-241CB949C542}.Release|x64.Build.0 = Release|x64
		{00056033-35E9-4AE7-8F59-241CB949C542}.Release|x86.ActiveCfg = Release|Win32
		{00056033-35E9-4AE7-8F59-241CB949C542}.Release|x86.Build.0 = Release|Win32
		{338E11DA-9F3A-4592-8804-5F08B517DA9A}.Debug|x64.ActiveCfg = Debug|x64
		{338E11DA-9F3A-4592-8804-5F08B517DA9A}.Debug|x64.Build.0 = Debug|x64
		{338E11DA-9F3A-4592-8804-5F08B517DA9A}.Debug|x86.ActiveCfg = Debug|Win32
		{338E11DA-9F3A-4592-8804-5F08B517DA9A}.Debug|x86.Build.0 = Debug|Win32
		{338E11DA-9F3A-4592-8804-5F08B517DA9A}.Release|x64.ActiveCfg = Release|x64
		{338E11DA-9F3A-4592-8804-5F08B517DA9A}.Release|x64.Build.0 = Release|x64
		{338E11DA-9F3A-4592-8804-5F08B517DA9A}.Release|x86.ActiveCfg = Release|Win32
		{338E11DA-9F3A-4592-8804-5F08B517DA9A}.Release|x86.Build.0 = Release|Win32
		{F906B5E9-053E-4BE0-81BF-3053C7EF252E}.Debug|x64.ActiveCfg = Debug|x64
		{F906B5E9-053E-4BE0-81BF-3053C7EF252E}.Debug|x64.Build.0 = Debug|x64
		{F906B5E9-053E-4BE0-81BF-3053C7EF252E}.Debug|x86.ActiveCfg = Debug|Win32
		{F906B5E9-053E-4BE0-81BF-3053C7EF252E}.Debug|x86.Build.0 = Debug|Win32
		{F906B5E9-053E-4BE0-81BF-3053C7EF252E}.Release|x64.ActiveCfg = Release|x64
		{F906B5E9-053E-4BE0-81BF-3053C7EF252E}.Release|x64.Build.0 = Release|x64
		{F906B5E9-053E-4BE0-81BF-3053C7EF252E}.Release|x86.ActiveCfg = Release|Win32
		{F906B5E9-053E-4BE0-81BF-3053C7EF252E}.Release|x86.Build.0 = Release|Win32
		{8D7582CA-0129-4849-940C-5C698B9AA014}.Debug|x64.ActiveCfg = Debug|x64
		{8D7582CA-0129-4849-940C-5C698B9AA014}.Debug|x64.Build.0 = Debug|x64
		{8D7582CA-0129-4849-940C-5C698B9AA014}.Debug|x86.ActiveCfg = Debug|Win32
		{8D7582CA-0129-4849-940C-5C698B9AA014}.Debug|x86.Build.0 = Debug|Win32
		{8D7582CA-0129-4849-940C-5C698B9AA014}.Release|x64.ActiveCfg = Release|x64
		{8D7582CA-0129-4849-940C-5C698B9AA014}.Release|x64.Build.0 = Release|x64
		{8D7582CA-0129-4849-940C-5C698B9AA014}.Release|x86.ActiveCfg = Release|Win32
		{8D7582CA-0129-4849-940C-5C698B9AA014}.Release|x86.Build.0 = Release|Win32
		{8D702310-E444-4D52-AAD5-A6C903A81FAB}.Debug|x64.ActiveCfg = Debug|x64
		{8D702310-E444-4D52-AAD5-A6C903A81FAB}.Debug|x64.Build.0 = Debug|x64
		{8D702310-E444-4D52-AAD5-A6C903A81FAB}.Debug|x86.ActiveCfg = Debug|Win32
		{8D702310-E444-4D52-AAD5-A6C903A81FAB}.Debug|x86.Build.0 = Debug|Win32
		{8D702310-E444-4D52-AAD5-A6C903A81FAB}.Release|x64.ActiveCfg = Release|x64
		{8D702310-E444-4D52-AAD5-A6C903A81FAB}.Release|x64.Build.0 = Release|x64
		{8D702310-E444-4D52-AAD5-A6C903A81FAB}.Release|x86.ActiveCfg = Release|Win32
		{8D702310-E444-4D52-AAD5-A6C903A81FAB}.Release|x86.Build.0 = Release|Win32
		{E7E8048D-1295-4F75-8B37-9D527868DD77}.Debug|x64.ActiveCfg = Debug|x64
		{E7E8048D-1295-4F75-8B37-9D527868DD77}.Debug|x64.Build.0 = Debug|x64
		{E7E8048D-1295-4F75-8B37-9D527868DD77}.Debug|x86.ActiveCfg = Debug|Win32
		{E7E8048D-1295-4F75-8B37-9D527868DD77}.Debug|x86.Build.0 = Debug|Win32
		{E7E8048D-1295-4F75-8B37-9D527868DD77}.Release|x64.ActiveCfg = Release|x64
		{E7E8048D-1295-4F75-8B37-9D527868DD77}.Release|x64.Build.0 = Release|x64
		{E7E8048D-1295-4F75-8B37-9D527868DD77}.Release|x86.ActiveCfg = Release|Win32
		{E7E8048D-1295-4F75-8B37-9D527868DD77}.Release|x86.Build.0 = Release|Win32
		{AC91B572-140D-4989-91A1-EDE5249F9BA5}.Debug|x64.ActiveCfg = Debug|x64
		{AC91B572-140D-4989-91A1-EDE5249F9BA5}.Debug|x64.Build.0 = Debug|x64
		{AC91B572-140D-4989-91A1-EDE5249F9BA5}.Debug|x86.ActiveCfg = Debug|Win32
		{AC91B572-140D-4989-91A1-EDE5249F9BA5}.Debug|x86.Build.0 = Debug|Win32
		{AC91B572-140D-4989-91A1-EDE5249F9BA5}.Release|x64.ActiveCfg = Release|x64
		{AC91B572-140D-4989-91A1-EDE5249F9BA5}.Release|x64.Build.0 = Release|x64
		{AC91B572-140D-4989-91A1-EDE5249F9BA5}.Release|x86.ActiveCfg = Release|Win32
		{AC91B572-140D-4989-91A1-EDE5249F9BA5}.Release|x86.Build.0 = Release|Win32
	EndGlobalSection
	GlobalSection(SolutionProperties) = preSolution
		HideSolutionNode = FALSE
	EndGlobalSection
	GlobalSection(ExtensibilityGlobals) = postSolution
		SolutionGuid = {E93C0803-7294-474F-AB5A-46BD111CE574}
	EndGlobalSection
EndGlobal
